
Microsoft Visual Studio Solution File, Format Version 12.00
# Visual Studio Version 17
VisualStudioVersion = 17.3.32922.545
MinimumVisualStudioVersion = 10.0.40219.1
Project("{9A19103F-16F7-4668-BE54-9A1E7A4F7556}") = "CardStorageServiceAll", "CardStorageServiceAll\CardStorageServiceAll.csproj", "{A3BA2329-7354-43B0-A7D7-03A452551C67}"
EndProject
Project("{2150E333-8FDC-42A3-9474-1A3956D46DE8}") = "DAL", "DAL", "{D4542BCC-2F88-4627-8ABA-BBABA301E06D}"
EndProject
Project("{2150E333-8FDC-42A3-9474-1A3956D46DE8}") = "Common", "Common", "{A2D67F9D-6C1D-4A7E-B474-7B83301855E2}"
EndProject
Project("{2150E333-8FDC-42A3-9474-1A3956D46DE8}") = "Services", "Services", "{70349C59-5BF6-49B8-83E1-F8E96CA79B41}"
EndProject
Project("{9A19103F-16F7-4668-BE54-9A1E7A4F7556}") = "CardStorageService.Data", "CardStorageService.Data\CardStorageService.Data.csproj", "{ED704F16-30F0-4485-B23D-6ECA3CE181DB}"
EndProject
Project("{9A19103F-16F7-4668-BE54-9A1E7A4F7556}") = "JwtSample", "JwtSample\JwtSample.csproj", "{82BEC696-92ED-4672-9EC1-3144AD81F824}"
EndProject
Project("{9A19103F-16F7-4668-BE54-9A1E7A4F7556}") = "TestStart", "TestStart\TestStart.csproj", "{D8AD790F-D1A1-47E5-9DC0-7703E17A2C38}"
EndProject
Project("{9A19103F-16F7-4668-BE54-9A1E7A4F7556}") = "CardStorageService.Service", "CardStorageService.Service\CardStorageService.Service.csproj", "{0FE25BEF-2581-4C9E-A947-B9D0EDE0C0C4}"
EndProject
Project("{9A19103F-16F7-4668-BE54-9A1E7A4F7556}") = "CardStorageService.Domain", "CardStorageService.Domain\CardStorageService.Domain.csproj", "{1BB619F0-EC4E-4569-865B-EED8839E41E3}"
EndProject
Project("{9A19103F-16F7-4668-BE54-9A1E7A4F7556}") = "CardStorageService.Interfaces", "CardStorageService.Interfaces\CardStorageService.Interfaces.csproj", "{419F630F-7B2D-4D91-8A2E-172C0D088EB3}"
EndProject
Project("{9A19103F-16F7-4668-BE54-9A1E7A4F7556}") = "Common", "Common\Common.csproj", "{ECE3D774-B392-4986-AE2E-29683A6DCEEB}"
EndProject
Project("{9A19103F-16F7-4668-BE54-9A1E7A4F7556}") = "StrongName", "StrongName\StrongName.csproj", "{640006A1-7D25-421A-900F-6C347630E743}"
EndProject
Project("{2150E333-8FDC-42A3-9474-1A3956D46DE8}") = "Lesson4", "Lesson4", "{3AF3EE4D-4DD8-4116-A733-294DFBC19DC6}"
EndProject
Project("{9A19103F-16F7-4668-BE54-9A1E7A4F7556}") = "DataKey", "DataKey\DataKey.csproj", "{4C4BB069-4D84-4766-AA00-CB5AAB877E62}"
EndProject
Project("{2150E333-8FDC-42A3-9474-1A3956D46DE8}") = "Lesson5", "Lesson5", "{A3C3A1E5-3DB9-48F1-8736-67BDAB4F20EA}"
	ProjectSection(SolutionItems) = preProject
		BestApplication\IT Департамент.pfx = BestApplication\IT Департамент.pfx
	EndProjectSection
EndProject
Project("{9A19103F-16F7-4668-BE54-9A1E7A4F7556}") = "CertGenerator", "CertGenerator\CertGenerator.csproj", "{11F3EFD8-2A74-4D96-B691-C9FF583B7684}"
EndProject
Project("{9A19103F-16F7-4668-BE54-9A1E7A4F7556}") = "BestApplication", "BestApplication\BestApplication.csproj", "{7AEAC544-CEEB-4BA5-91BF-A0C5D14D9614}"
EndProject
Project("{2150E333-8FDC-42A3-9474-1A3956D46DE8}") = "Lesson6", "Lesson6", "{FE982592-4EF5-4ED3-96D3-304D5F3210D3}"
EndProject
Project("{9A19103F-16F7-4668-BE54-9A1E7A4F7556}") = "Web.TestGrpc", "Web.TestGrps\Web.TestGrpc.csproj", "{A8C80637-E0F1-48A3-BC70-B21FC7964A76}"
EndProject
Project("{9A19103F-16F7-4668-BE54-9A1E7A4F7556}") = "CardStorageClient", "CardStorageClient\CardStorageClient.csproj", "{CCD2F545-71A1-483C-874C-A7A436C935E6}"
EndProject
Project("{2150E333-8FDC-42A3-9474-1A3956D46DE8}") = "Lesson7", "Lesson7", "{A5DB2A09-ADEE-4BD5-ABA5-393B25C59EE2}"
	ProjectSection(SolutionItems) = preProject
		D:\Users\Admin\Downloads\C# от новичка\Безопасная разработка(Кучма)\FullSearchSamples\FullSearchSamples\data.txt = D:\Users\Admin\Downloads\C# от новичка\Безопасная разработка(Кучма)\FullSearchSamples\FullSearchSamples\data.txt
	EndProjectSection
EndProject
Project("{9A19103F-16F7-4668-BE54-9A1E7A4F7556}") = "FullSearch", "FullSearch\FullSearch.csproj", "{9926FCC3-BC30-42BD-BC60-090C2DAFC21B}"
EndProject
Project("{2150E333-8FDC-42A3-9474-1A3956D46DE8}") = "Lesson8", "Lesson8", "{15DD5BB7-AE72-432F-8393-70F2CB5B6616}"
EndProject
Project("{2150E333-8FDC-42A3-9474-1A3956D46DE8}") = "ServiceDiscovery", "ServiceDiscovery", "{96627084-799E-40DA-B726-F5A13B11D8CC}"
EndProject
Project("{9A19103F-16F7-4668-BE54-9A1E7A4F7556}") = "TestConsul1", "TestConsul1\TestConsul1.csproj", "{296080E2-5A55-4A4B-A63C-D99D8F3FAAEE}"
EndProject
Project("{9A19103F-16F7-4668-BE54-9A1E7A4F7556}") = "TestConsul2", "TestConsul2\TestConsul2.csproj", "{BE86770A-8F2B-4412-803C-C158DFB0B92C}"
EndProject
Project("{FAE04EC0-301F-11D3-BF4B-00C04F79EFBC}") = "ServiceRegistration", "ServiceRegistration\ServiceRegistration.csproj", "{6CEEE1A6-DDF8-4C77-8218-B46A8668F292}"
EndProject
Project("{FAE04EC0-301F-11D3-BF4B-00C04F79EFBC}") = "Consul.Api.Client", "Consul.Api.Client\Consul.Api.Client.csproj", "{C47415BE-35B6-4FF1-9EB1-53316A886D63}"
EndProject
Project("{E53339B2-1760-4266-BCC7-CA923CBCF16C}") = "docker-compose", "docker-compose.dcproj", "{5D0E0029-5273-4C06-88F7-D9398BC789BC}"
EndProject
Global
	GlobalSection(SolutionConfigurationPlatforms) = preSolution
		Debug|Any CPU = Debug|Any CPU
		Release|Any CPU = Release|Any CPU
	EndGlobalSection
	GlobalSection(ProjectConfigurationPlatforms) = postSolution
		{A3BA2329-7354-43B0-A7D7-03A452551C67}.Debug|Any CPU.ActiveCfg = Debug|Any CPU
		{A3BA2329-7354-43B0-A7D7-03A452551C67}.Debug|Any CPU.Build.0 = Debug|Any CPU
		{A3BA2329-7354-43B0-A7D7-03A452551C67}.Release|Any CPU.ActiveCfg = Release|Any CPU
		{A3BA2329-7354-43B0-A7D7-03A452551C67}.Release|Any CPU.Build.0 = Release|Any CPU
		{ED704F16-30F0-4485-B23D-6ECA3CE181DB}.Debug|Any CPU.ActiveCfg = Debug|Any CPU
		{ED704F16-30F0-4485-B23D-6ECA3CE181DB}.Debug|Any CPU.Build.0 = Debug|Any CPU
		{ED704F16-30F0-4485-B23D-6ECA3CE181DB}.Release|Any CPU.ActiveCfg = Release|Any CPU
		{ED704F16-30F0-4485-B23D-6ECA3CE181DB}.Release|Any CPU.Build.0 = Release|Any CPU
		{82BEC696-92ED-4672-9EC1-3144AD81F824}.Debug|Any CPU.ActiveCfg = Debug|Any CPU
		{82BEC696-92ED-4672-9EC1-3144AD81F824}.Debug|Any CPU.Build.0 = Debug|Any CPU
		{82BEC696-92ED-4672-9EC1-3144AD81F824}.Release|Any CPU.ActiveCfg = Release|Any CPU
		{82BEC696-92ED-4672-9EC1-3144AD81F824}.Release|Any CPU.Build.0 = Release|Any CPU
		{D8AD790F-D1A1-47E5-9DC0-7703E17A2C38}.Debug|Any CPU.ActiveCfg = Debug|Any CPU
		{D8AD790F-D1A1-47E5-9DC0-7703E17A2C38}.Debug|Any CPU.Build.0 = Debug|Any CPU
		{D8AD790F-D1A1-47E5-9DC0-7703E17A2C38}.Release|Any CPU.ActiveCfg = Release|Any CPU
		{D8AD790F-D1A1-47E5-9DC0-7703E17A2C38}.Release|Any CPU.Build.0 = Release|Any CPU
		{0FE25BEF-2581-4C9E-A947-B9D0EDE0C0C4}.Debug|Any CPU.ActiveCfg = Debug|Any CPU
		{0FE25BEF-2581-4C9E-A947-B9D0EDE0C0C4}.Debug|Any CPU.Build.0 = Debug|Any CPU
		{0FE25BEF-2581-4C9E-A947-B9D0EDE0C0C4}.Release|Any CPU.ActiveCfg = Release|Any CPU
		{0FE25BEF-2581-4C9E-A947-B9D0EDE0C0C4}.Release|Any CPU.Build.0 = Release|Any CPU
		{1BB619F0-EC4E-4569-865B-EED8839E41E3}.Debug|Any CPU.ActiveCfg = Debug|Any CPU
		{1BB619F0-EC4E-4569-865B-EED8839E41E3}.Debug|Any CPU.Build.0 = Debug|Any CPU
		{1BB619F0-EC4E-4569-865B-EED8839E41E3}.Release|Any CPU.ActiveCfg = Release|Any CPU
		{1BB619F0-EC4E-4569-865B-EED8839E41E3}.Release|Any CPU.Build.0 = Release|Any CPU
		{419F630F-7B2D-4D91-8A2E-172C0D088EB3}.Debug|Any CPU.ActiveCfg = Debug|Any CPU
		{419F630F-7B2D-4D91-8A2E-172C0D088EB3}.Debug|Any CPU.Build.0 = Debug|Any CPU
		{419F630F-7B2D-4D91-8A2E-172C0D088EB3}.Release|Any CPU.ActiveCfg = Release|Any CPU
		{419F630F-7B2D-4D91-8A2E-172C0D088EB3}.Release|Any CPU.Build.0 = Release|Any CPU
		{ECE3D774-B392-4986-AE2E-29683A6DCEEB}.Debug|Any CPU.ActiveCfg = Debug|Any CPU
		{ECE3D774-B392-4986-AE2E-29683A6DCEEB}.Debug|Any CPU.Build.0 = Debug|Any CPU
		{ECE3D774-B392-4986-AE2E-29683A6DCEEB}.Release|Any CPU.ActiveCfg = Release|Any CPU
		{ECE3D774-B392-4986-AE2E-29683A6DCEEB}.Release|Any CPU.Build.0 = Release|Any CPU
		{640006A1-7D25-421A-900F-6C347630E743}.Debug|Any CPU.ActiveCfg = Debug|Any CPU
		{640006A1-7D25-421A-900F-6C347630E743}.Debug|Any CPU.Build.0 = Debug|Any CPU
		{640006A1-7D25-421A-900F-6C347630E743}.Release|Any CPU.ActiveCfg = Release|Any CPU
		{640006A1-7D25-421A-900F-6C347630E743}.Release|Any CPU.Build.0 = Release|Any CPU
		{4C4BB069-4D84-4766-AA00-CB5AAB877E62}.Debug|Any CPU.ActiveCfg = Debug|Any CPU
		{4C4BB069-4D84-4766-AA00-CB5AAB877E62}.Debug|Any CPU.Build.0 = Debug|Any CPU
		{4C4BB069-4D84-4766-AA00-CB5AAB877E62}.Release|Any CPU.ActiveCfg = Release|Any CPU
		{4C4BB069-4D84-4766-AA00-CB5AAB877E62}.Release|Any CPU.Build.0 = Release|Any CPU
		{11F3EFD8-2A74-4D96-B691-C9FF583B7684}.Debug|Any CPU.ActiveCfg = Debug|Any CPU
		{11F3EFD8-2A74-4D96-B691-C9FF583B7684}.Debug|Any CPU.Build.0 = Debug|Any CPU
		{11F3EFD8-2A74-4D96-B691-C9FF583B7684}.Release|Any CPU.ActiveCfg = Release|Any CPU
		{11F3EFD8-2A74-4D96-B691-C9FF583B7684}.Release|Any CPU.Build.0 = Release|Any CPU
		{7AEAC544-CEEB-4BA5-91BF-A0C5D14D9614}.Debug|Any CPU.ActiveCfg = Debug|Any CPU
		{7AEAC544-CEEB-4BA5-91BF-A0C5D14D9614}.Debug|Any CPU.Build.0 = Debug|Any CPU
		{7AEAC544-CEEB-4BA5-91BF-A0C5D14D9614}.Release|Any CPU.ActiveCfg = Release|Any CPU
		{7AEAC544-CEEB-4BA5-91BF-A0C5D14D9614}.Release|Any CPU.Build.0 = Release|Any CPU
		{A8C80637-E0F1-48A3-BC70-B21FC7964A76}.Debug|Any CPU.ActiveCfg = Debug|Any CPU
		{A8C80637-E0F1-48A3-BC70-B21FC7964A76}.Debug|Any CPU.Build.0 = Debug|Any CPU
		{A8C80637-E0F1-48A3-BC70-B21FC7964A76}.Release|Any CPU.ActiveCfg = Release|Any CPU
		{A8C80637-E0F1-48A3-BC70-B21FC7964A76}.Release|Any CPU.Build.0 = Release|Any CPU
		{CCD2F545-71A1-483C-874C-A7A436C935E6}.Debug|Any CPU.ActiveCfg = Debug|Any CPU
		{CCD2F545-71A1-483C-874C-A7A436C935E6}.Debug|Any CPU.Build.0 = Debug|Any CPU
		{CCD2F545-71A1-483C-874C-A7A436C935E6}.Release|Any CPU.ActiveCfg = Release|Any CPU
		{CCD2F545-71A1-483C-874C-A7A436C935E6}.Release|Any CPU.Build.0 = Release|Any CPU
		{9926FCC3-BC30-42BD-BC60-090C2DAFC21B}.Debug|Any CPU.ActiveCfg = Debug|Any CPU
		{9926FCC3-BC30-42BD-BC60-090C2DAFC21B}.Debug|Any CPU.Build.0 = Debug|Any CPU
		{9926FCC3-BC30-42BD-BC60-090C2DAFC21B}.Release|Any CPU.ActiveCfg = Release|Any CPU
		{9926FCC3-BC30-42BD-BC60-090C2DAFC21B}.Release|Any CPU.Build.0 = Release|Any CPU
		{296080E2-5A55-4A4B-A63C-D99D8F3FAAEE}.Debug|Any CPU.ActiveCfg = Debug|Any CPU
		{296080E2-5A55-4A4B-A63C-D99D8F3FAAEE}.Debug|Any CPU.Build.0 = Debug|Any CPU
		{296080E2-5A55-4A4B-A63C-D99D8F3FAAEE}.Release|Any CPU.ActiveCfg = Release|Any CPU
		{296080E2-5A55-4A4B-A63C-D99D8F3FAAEE}.Release|Any CPU.Build.0 = Release|Any CPU
		{BE86770A-8F2B-4412-803C-C158DFB0B92C}.Debug|Any CPU.ActiveCfg = Debug|Any CPU
		{BE86770A-8F2B-4412-803C-C158DFB0B92C}.Debug|Any CPU.Build.0 = Debug|Any CPU
		{BE86770A-8F2B-4412-803C-C158DFB0B92C}.Release|Any CPU.ActiveCfg = Release|Any CPU
		{BE86770A-8F2B-4412-803C-C158DFB0B92C}.Release|Any CPU.Build.0 = Release|Any CPU
		{6CEEE1A6-DDF8-4C77-8218-B46A8668F292}.Debug|Any CPU.ActiveCfg = Debug|Any CPU
		{6CEEE1A6-DDF8-4C77-8218-B46A8668F292}.Debug|Any CPU.Build.0 = Debug|Any CPU
		{6CEEE1A6-DDF8-4C77-8218-B46A8668F292}.Release|Any CPU.ActiveCfg = Release|Any CPU
		{6CEEE1A6-DDF8-4C77-8218-B46A8668F292}.Release|Any CPU.Build.0 = Release|Any CPU
		{C47415BE-35B6-4FF1-9EB1-53316A886D63}.Debug|Any CPU.ActiveCfg = Debug|Any CPU
		{C47415BE-35B6-4FF1-9EB1-53316A886D63}.Debug|Any CPU.Build.0 = Debug|Any CPU
		{C47415BE-35B6-4FF1-9EB1-53316A886D63}.Release|Any CPU.ActiveCfg = Release|Any CPU
		{C47415BE-35B6-4FF1-9EB1-53316A886D63}.Release|Any CPU.Build.0 = Release|Any CPU
		{5D0E0029-5273-4C06-88F7-D9398BC789BC}.Debug|Any CPU.ActiveCfg = Debug|Any CPU
		{5D0E0029-5273-4C06-88F7-D9398BC789BC}.Debug|Any CPU.Build.0 = Debug|Any CPU
		{5D0E0029-5273-4C06-88F7-D9398BC789BC}.Release|Any CPU.ActiveCfg = Release|Any CPU
		{5D0E0029-5273-4C06-88F7-D9398BC789BC}.Release|Any CPU.Build.0 = Release|Any CPU
	EndGlobalSection
	GlobalSection(SolutionProperties) = preSolution
		HideSolutionNode = FALSE
	EndGlobalSection
	GlobalSection(NestedProjects) = preSolution
		{A3BA2329-7354-43B0-A7D7-03A452551C67} = {70349C59-5BF6-49B8-83E1-F8E96CA79B41}
		{ED704F16-30F0-4485-B23D-6ECA3CE181DB} = {D4542BCC-2F88-4627-8ABA-BBABA301E06D}
		{82BEC696-92ED-4672-9EC1-3144AD81F824} = {A2D67F9D-6C1D-4A7E-B474-7B83301855E2}
		{D8AD790F-D1A1-47E5-9DC0-7703E17A2C38} = {A2D67F9D-6C1D-4A7E-B474-7B83301855E2}
		{0FE25BEF-2581-4C9E-A947-B9D0EDE0C0C4} = {70349C59-5BF6-49B8-83E1-F8E96CA79B41}
		{1BB619F0-EC4E-4569-865B-EED8839E41E3} = {A2D67F9D-6C1D-4A7E-B474-7B83301855E2}
		{419F630F-7B2D-4D91-8A2E-172C0D088EB3} = {A2D67F9D-6C1D-4A7E-B474-7B83301855E2}
		{ECE3D774-B392-4986-AE2E-29683A6DCEEB} = {A2D67F9D-6C1D-4A7E-B474-7B83301855E2}
		{640006A1-7D25-421A-900F-6C347630E743} = {A2D67F9D-6C1D-4A7E-B474-7B83301855E2}
		{4C4BB069-4D84-4766-AA00-CB5AAB877E62} = {3AF3EE4D-4DD8-4116-A733-294DFBC19DC6}
		{11F3EFD8-2A74-4D96-B691-C9FF583B7684} = {A3C3A1E5-3DB9-48F1-8736-67BDAB4F20EA}
		{7AEAC544-CEEB-4BA5-91BF-A0C5D14D9614} = {A3C3A1E5-3DB9-48F1-8736-67BDAB4F20EA}
		{A8C80637-E0F1-48A3-BC70-B21FC7964A76} = {FE982592-4EF5-4ED3-96D3-304D5F3210D3}
		{CCD2F545-71A1-483C-874C-A7A436C935E6} = {FE982592-4EF5-4ED3-96D3-304D5F3210D3}
		{9926FCC3-BC30-42BD-BC60-090C2DAFC21B} = {A5DB2A09-ADEE-4BD5-ABA5-393B25C59EE2}
		{96627084-799E-40DA-B726-F5A13B11D8CC} = {15DD5BB7-AE72-432F-8393-70F2CB5B6616}
		{296080E2-5A55-4A4B-A63C-D99D8F3FAAEE} = {96627084-799E-40DA-B726-F5A13B11D8CC}
		{BE86770A-8F2B-4412-803C-C158DFB0B92C} = {96627084-799E-40DA-B726-F5A13B11D8CC}
		{6CEEE1A6-DDF8-4C77-8218-B46A8668F292} = {96627084-799E-40DA-B726-F5A13B11D8CC}
		{C47415BE-35B6-4FF1-9EB1-53316A886D63} = {96627084-799E-40DA-B726-F5A13B11D8CC}
	EndGlobalSection
	GlobalSection(ExtensibilityGlobals) = postSolution
		SolutionGuid = {99BC4A2A-4A22-41BA-9C4F-E347285B2A99}
	EndGlobalSection
EndGlobal
